
Microsoft Visual Studio Solution File, Format Version 12.00
# Visual Studio Version 17
VisualStudioVersion = 17.12.35707.178
MinimumVisualStudioVersion = 10.0.40219.1
Project("{FAE04EC0-301F-11D3-BF4B-00C04F79EFBC}") = "Lab1", "Lab1.csproj", "{64F481CA-FD9B-42D9-85B5-70C765B0ADEE}"
EndProject
Project("{FAE04EC0-301F-11D3-BF4B-00C04F79EFBC}") = "RhombPlugin", "..\RhombPlugin\RhombPlugin.csproj", "{64C71E8A-C499-4795-BC7F-47C483353729}"
EndProject
Project("{FAE04EC0-301F-11D3-BF4B-00C04F79EFBC}") = "TrianglePlugin", "..\TrianglePlugin\TrianglePlugin.csproj", "{5E018914-652A-48AD-AB72-C2A5DE9DC629}"
EndProject
Project("{FAE04EC0-301F-11D3-BF4B-00C04F79EFBC}") = "GZipPlugin", "..\GZipPlugin\GZipPlugin.csproj", "{B13114DF-3532-4D60-85A0-C0A73E45B1FC}"
EndProject
Project("{FAE04EC0-301F-11D3-BF4B-00C04F79EFBC}") = "DeflatePlugin", "..\DeflatePlugin\DeflatePlugin.csproj", "{CFF82BC5-7D59-481C-B6BD-F56C7C43F1DB}"
EndProject
Project("{FAE04EC0-301F-11D3-BF4B-00C04F79EFBC}") = "CypherPlugin", "..\CypherPlugin\CypherPlugin.csproj", "{6E5057DA-582C-4FF6-92C2-316B4395F6A7}"
EndProject
Global
	GlobalSection(SolutionConfigurationPlatforms) = preSolution
		Debug|Any CPU = Debug|Any CPU
		Release|Any CPU = Release|Any CPU
	EndGlobalSection
	GlobalSection(ProjectConfigurationPlatforms) = postSolution
		{64F481CA-FD9B-42D9-85B5-70C765B0ADEE}.Debug|Any CPU.ActiveCfg = Debug|Any CPU
		{64F481CA-FD9B-42D9-85B5-70C765B0ADEE}.Debug|Any CPU.Build.0 = Debug|Any CPU
		{64F481CA-FD9B-42D9-85B5-70C765B0ADEE}.Release|Any CPU.ActiveCfg = Release|Any CPU
		{64F481CA-FD9B-42D9-85B5-70C765B0ADEE}.Release|Any CPU.Build.0 = Release|Any CPU
		{64C71E8A-C499-4795-BC7F-47C483353729}.Debug|Any CPU.ActiveCfg = Debug|Any CPU
		{64C71E8A-C499-4795-BC7F-47C483353729}.Debug|Any CPU.Build.0 = Debug|Any CPU
		{64C71E8A-C499-4795-BC7F-47C483353729}.Release|Any CPU.ActiveCfg = Release|Any CPU
		{64C71E8A-C499-4795-BC7F-47C483353729}.Release|Any CPU.Build.0 = Release|Any CPU
		{5E018914-652A-48AD-AB72-C2A5DE9DC629}.Debug|Any CPU.ActiveCfg = Debug|Any CPU
		{5E018914-652A-48AD-AB72-C2A5DE9DC629}.Debug|Any CPU.Build.0 = Debug|Any CPU
		{5E018914-652A-48AD-AB72-C2A5DE9DC629}.Release|Any CPU.ActiveCfg = Release|Any CPU
		{5E018914-652A-48AD-AB72-C2A5DE9DC629}.Release|Any CPU.Build.0 = Release|Any CPU
		{B13114DF-3532-4D60-85A0-C0A73E45B1FC}.Debug|Any CPU.ActiveCfg = Debug|Any CPU
		{B13114DF-3532-4D60-85A0-C0A73E45B1FC}.Debug|Any CPU.Build.0 = Debug|Any CPU
		{B13114DF-3532-4D60-85A0-C0A73E45B1FC}.Release|Any CPU.ActiveCfg = Release|Any CPU
		{B13114DF-3532-4D60-85A0-C0A73E45B1FC}.Release|Any CPU.Build.0 = Release|Any CPU
		{CFF82BC5-7D59-481C-B6BD-F56C7C43F1DB}.Debug|Any CPU.ActiveCfg = Debug|Any CPU
		{CFF82BC5-7D59-481C-B6BD-F56C7C43F1DB}.Debug|Any CPU.Build.0 = Debug|Any CPU
		{CFF82BC5-7D59-481C-B6BD-F56C7C43F1DB}.Release|Any CPU.ActiveCfg = Release|Any CPU
		{CFF82BC5-7D59-481C-B6BD-F56C7C43F1DB}.Release|Any CPU.Build.0 = Release|Any CPU
		{6E5057DA-582C-4FF6-92C2-316B4395F6A7}.Debug|Any CPU.ActiveCfg = Debug|Any CPU
		{6E5057DA-582C-4FF6-92C2-316B4395F6A7}.Debug|Any CPU.Build.0 = Debug|Any CPU
		{6E5057DA-582C-4FF6-92C2-316B4395F6A7}.Release|Any CPU.ActiveCfg = Release|Any CPU
		{6E5057DA-582C-4FF6-92C2-316B4395F6A7}.Release|Any CPU.Build.0 = Release|Any CPU
	EndGlobalSection
	GlobalSection(SolutionProperties) = preSolution
		HideSolutionNode = FALSE
	EndGlobalSection
EndGlobal
